PODS:
  - boost-for-react-native (1.63.0)
  - DoubleConversion (1.1.6)
  - FBLazyVector (0.64.4)
  - FBReactNativeSpec (0.64.4):
    - RCT-Folly (= 2020.01.13.00)
    - RCTRequired (= 0.64.4)
    - RCTTypeSafety (= 0.64.4)
    - React-Core (= 0.64.4)
    - React-jsi (= 0.64.4)
    - ReactCommon/turbomodule/core (= 0.64.4)
  - glog (0.3.5)
  - libwebp (1.2.4):
    - libwebp/demux (= 1.2.4)
    - libwebp/mux (= 1.2.4)
    - libwebp/webp (= 1.2.4)
  - libwebp/demux (1.2.4):
    - libwebp/webp
  - libwebp/mux (1.2.4):
    - libwebp/demux
  - libwebp/webp (1.2.4)
  - Permission-Camera (3.6.1):
    - RNPermissions
  - RCT-Folly (2020.01.13.00):
    - boost-for-react-native
    - DoubleConversion
    - glog
    - RCT-Folly/Default (= 2020.01.13.00)
  - RCT-Folly/Default (2020.01.13.00):
    - boost-for-react-native
    - DoubleConversion
    - glog
  - RCTRequired (0.64.4)
  - RCTTypeSafety (0.64.4):
    - FBLazyVector (= 0.64.4)
    - RCT-Folly (= 2020.01.13.00)
    - RCTRequired (= 0.64.4)
    - React-Core (= 0.64.4)
  - React (0.64.4):
    - React-Core (= 0.64.4)
    - React-Core/DevSupport (= 0.64.4)
    - React-Core/RCTWebSocket (= 0.64.4)
    - React-RCTActionSheet (= 0.64.4)
    - React-RCTAnimation (= 0.64.4)
    - React-RCTBlob (= 0.64.4)
    - React-RCTImage (= 0.64.4)
    - React-RCTLinking (= 0.64.4)
    - React-RCTNetwork (= 0.64.4)
    - React-RCTSettings (= 0.64.4)
    - React-RCTText (= 0.64.4)
    - React-RCTVibration (= 0.64.4)
  - React-callinvoker (0.64.4)
  - React-Core (0.64.4):
    - glog
    - RCT-Folly (= 2020.01.13.00)
    - React-Core/Default (= 0.64.4)
    - React-cxxreact (= 0.64.4)
    - React-jsi (= 0.64.4)
    - React-jsiexecutor (= 0.64.4)
    - React-perflogger (= 0.64.4)
    - Yoga
  - React-Core/CoreModulesHeaders (0.64.4):
    - glog
    - RCT-Folly (= 2020.01.13.00)
    - React-Core/Default
    - React-cxxreact (= 0.64.4)
    - React-jsi (= 0.64.4)
    - React-jsiexecutor (= 0.64.4)
    - React-perflogger (= 0.64.4)
    - Yoga
  - React-Core/Default (0.64.4):
    - glog
    - RCT-Folly (= 2020.01.13.00)
    - React-cxxreact (= 0.64.4)
    - React-jsi (= 0.64.4)
    - React-jsiexecutor (= 0.64.4)
    - React-perflogger (= 0.64.4)
    - Yoga
  - React-Core/DevSupport (0.64.4):
    - glog
    - RCT-Folly (= 2020.01.13.00)
    - React-Core/Default (= 0.64.4)
    - React-Core/RCTWebSocket (= 0.64.4)
    - React-cxxreact (= 0.64.4)
    - React-jsi (= 0.64.4)
    - React-jsiexecutor (= 0.64.4)
    - React-jsinspector (= 0.64.4)
    - React-perflogger (= 0.64.4)
    - Yoga
  - React-Core/RCTActionSheetHeaders (0.64.4):
    - glog
    - RCT-Folly (= 2020.01.13.00)
    - React-Core/Default
    - React-cxxreact (= 0.64.4)
    - React-jsi (= 0.64.4)
    - React-jsiexecutor (= 0.64.4)
    - React-perflogger (= 0.64.4)
    - Yoga
  - React-Core/RCTAnimationHeaders (0.64.4):
    - glog
    - RCT-Folly (= 2020.01.13.00)
    - React-Core/Default
    - React-cxxreact (= 0.64.4)
    - React-jsi (= 0.64.4)
    - React-jsiexecutor (= 0.64.4)
    - React-perflogger (= 0.64.4)
    - Yoga
  - React-Core/RCTBlobHeaders (0.64.4):
    - glog
    - RCT-Folly (= 2020.01.13.00)
    - React-Core/Default
    - React-cxxreact (= 0.64.4)
    - React-jsi (= 0.64.4)
    - React-jsiexecutor (= 0.64.4)
    - React-perflogger (= 0.64.4)
    - Yoga
  - React-Core/RCTImageHeaders (0.64.4):
    - glog
    - RCT-Folly (= 2020.01.13.00)
    - React-Core/Default
    - React-cxxreact (= 0.64.4)
    - React-jsi (= 0.64.4)
    - React-jsiexecutor (= 0.64.4)
    - React-perflogger (= 0.64.4)
    - Yoga
  - React-Core/RCTLinkingHeaders (0.64.4):
    - glog
    - RCT-Folly (= 2020.01.13.00)
    - React-Core/Default
    - React-cxxreact (= 0.64.4)
    - React-jsi (= 0.64.4)
    - React-jsiexecutor (= 0.64.4)
    - React-perflogger (= 0.64.4)
    - Yoga
  - React-Core/RCTNetworkHeaders (0.64.4):
    - glog
    - RCT-Folly (= 2020.01.13.00)
    - React-Core/Default
    - React-cxxreact (= 0.64.4)
    - React-jsi (= 0.64.4)
    - React-jsiexecutor (= 0.64.4)
    - React-perflogger (= 0.64.4)
    - Yoga
  - React-Core/RCTSettingsHeaders (0.64.4):
    - glog
    - RCT-Folly (= 2020.01.13.00)
    - React-Core/Default
    - React-cxxreact (= 0.64.4)
    - React-jsi (= 0.64.4)
    - React-jsiexecutor (= 0.64.4)
    - React-perflogger (= 0.64.4)
    - Yoga
  - React-Core/RCTTextHeaders (0.64.4):
    - glog
    - RCT-Folly (= 2020.01.13.00)
    - React-Core/Default
    - React-cxxreact (= 0.64.4)
    - React-jsi (= 0.64.4)
    - React-jsiexecutor (= 0.64.4)
    - React-perflogger (= 0.64.4)
    - Yoga
  - React-Core/RCTVibrationHeaders (0.64.4):
    - glog
    - RCT-Folly (= 2020.01.13.00)
    - React-Core/Default
    - React-cxxreact (= 0.64.4)
    - React-jsi (= 0.64.4)
    - React-jsiexecutor (= 0.64.4)
    - React-perflogger (= 0.64.4)
    - Yoga
  - React-Core/RCTWebSocket (0.64.4):
    - glog
    - RCT-Folly (= 2020.01.13.00)
    - React-Core/Default (= 0.64.4)
    - React-cxxreact (= 0.64.4)
    - React-jsi (= 0.64.4)
    - React-jsiexecutor (= 0.64.4)
    - React-perflogger (= 0.64.4)
    - Yoga
  - React-CoreModules (0.64.4):
    - FBReactNativeSpec (= 0.64.4)
    - RCT-Folly (= 2020.01.13.00)
    - RCTTypeSafety (= 0.64.4)
    - React-Core/CoreModulesHeaders (= 0.64.4)
    - React-jsi (= 0.64.4)
    - React-RCTImage (= 0.64.4)
    - ReactCommon/turbomodule/core (= 0.64.4)
  - React-cxxreact (0.64.4):
    - boost-for-react-native (= 1.63.0)
    - DoubleConversion
    - glog
    - RCT-Folly (= 2020.01.13.00)
    - React-callinvoker (= 0.64.4)
    - React-jsi (= 0.64.4)
    - React-jsinspector (= 0.64.4)
    - React-perflogger (= 0.64.4)
    - React-runtimeexecutor (= 0.64.4)
  - React-jsi (0.64.4):
    - boost-for-react-native (= 1.63.0)
    - DoubleConversion
    - glog
    - RCT-Folly (= 2020.01.13.00)
    - React-jsi/Default (= 0.64.4)
  - React-jsi/Default (0.64.4):
    - boost-for-react-native (= 1.63.0)
    - DoubleConversion
    - glog
    - RCT-Folly (= 2020.01.13.00)
  - React-jsiexecutor (0.64.4):
    - DoubleConversion
    - glog
    - RCT-Folly (= 2020.01.13.00)
    - React-cxxreact (= 0.64.4)
    - React-jsi (= 0.64.4)
    - React-perflogger (= 0.64.4)
  - React-jsinspector (0.64.4)
  - react-native-camera (4.2.1):
    - React-Core
    - react-native-camera/RCT (= 4.2.1)
    - react-native-camera/RN (= 4.2.1)
  - react-native-camera/RCT (4.2.1):
    - React-Core
  - react-native-camera/RN (4.2.1):
    - React-Core
  - react-native-cameraroll (5.2.1):
    - React-Core
  - react-native-safe-area-context (3.4.1):
    - React-Core
  - react-native-splash-screen (3.3.0):
    - React-Core
  - React-perflogger (0.64.4)
  - React-RCTActionSheet (0.64.4):
    - React-Core/RCTActionSheetHeaders (= 0.64.4)
  - React-RCTAnimation (0.64.4):
    - FBReactNativeSpec (= 0.64.4)
    - RCT-Folly (= 2020.01.13.00)
    - RCTTypeSafety (= 0.64.4)
    - React-Core/RCTAnimationHeaders (= 0.64.4)
    - React-jsi (= 0.64.4)
    - ReactCommon/turbomodule/core (= 0.64.4)
  - React-RCTBlob (0.64.4):
    - FBReactNativeSpec (= 0.64.4)
    - RCT-Folly (= 2020.01.13.00)
    - React-Core/RCTBlobHeaders (= 0.64.4)
    - React-Core/RCTWebSocket (= 0.64.4)
    - React-jsi (= 0.64.4)
    - React-RCTNetwork (= 0.64.4)
    - ReactCommon/turbomodule/core (= 0.64.4)
  - React-RCTImage (0.64.4):
    - FBReactNativeSpec (= 0.64.4)
    - RCT-Folly (= 2020.01.13.00)
    - RCTTypeSafety (= 0.64.4)
    - React-Core/RCTImageHeaders (= 0.64.4)
    - React-jsi (= 0.64.4)
    - React-RCTNetwork (= 0.64.4)
    - ReactCommon/turbomodule/core (= 0.64.4)
  - React-RCTLinking (0.64.4):
    - FBReactNativeSpec (= 0.64.4)
    - React-Core/RCTLinkingHeaders (= 0.64.4)
    - React-jsi (= 0.64.4)
    - ReactCommon/turbomodule/core (= 0.64.4)
  - React-RCTNetwork (0.64.4):
    - FBReactNativeSpec (= 0.64.4)
    - RCT-Folly (= 2020.01.13.00)
    - RCTTypeSafety (= 0.64.4)
    - React-Core/RCTNetworkHeaders (= 0.64.4)
    - React-jsi (= 0.64.4)
    - ReactCommon/turbomodule/core (= 0.64.4)
  - React-RCTSettings (0.64.4):
    - FBReactNativeSpec (= 0.64.4)
    - RCT-Folly (= 2020.01.13.00)
    - RCTTypeSafety (= 0.64.4)
    - React-Core/RCTSettingsHeaders (= 0.64.4)
    - React-jsi (= 0.64.4)
    - ReactCommon/turbomodule/core (= 0.64.4)
  - React-RCTText (0.64.4):
    - React-Core/RCTTextHeaders (= 0.64.4)
  - React-RCTVibration (0.64.4):
    - FBReactNativeSpec (= 0.64.4)
    - RCT-Folly (= 2020.01.13.00)
    - React-Core/RCTVibrationHeaders (= 0.64.4)
    - React-jsi (= 0.64.4)
    - ReactCommon/turbomodule/core (= 0.64.4)
  - React-runtimeexecutor (0.64.4):
    - React-jsi (= 0.64.4)
  - ReactCommon/turbomodule/core (0.64.4):
    - DoubleConversion
    - glog
    - RCT-Folly (= 2020.01.13.00)
    - React-callinvoker (= 0.64.4)
    - React-Core (= 0.64.4)
    - React-cxxreact (= 0.64.4)
    - React-jsi (= 0.64.4)
    - React-perflogger (= 0.64.4)
  - RNCAsyncStorage (1.17.11):
    - React-Core
  - RNCClipboard (1.5.1):
    - React-Core
  - RNCMaskedView (0.1.11):
    - React
  - RNFastImage (8.6.3):
    - React-Core
    - SDWebImage (~> 5.11.1)
    - SDWebImageWebPCoder (~> 0.8.4)
  - RNFS (2.20.0):
    - React-Core
  - RNGestureHandler (2.8.0):
    - React-Core
  - RNImageCropPicker (0.38.0):
    - React-Core
    - React-RCTImage
    - RNImageCropPicker/QBImagePickerController (= 0.38.0)
    - TOCropViewController
  - RNImageCropPicker/QBImagePickerController (0.38.0):
    - React-Core
    - React-RCTImage
    - TOCropViewController
  - RNPermissions (3.6.1):
    - React-Core
  - RNQrGenerator (1.2.1):
    - React
    - ZXingObjC
  - RNReanimated (1.13.4):
    - React-Core
  - RNScreens (2.18.1):
    - React-Core
  - RNShare (8.1.0):
    - React-Core
  - RNSVG (13.6.0):
    - React-Core
  - RNVectorIcons (9.2.0):
    - React-Core
  - SDWebImage (5.11.1):
    - SDWebImage/Core (= 5.11.1)
  - SDWebImage/Core (5.11.1)
  - SDWebImageWebPCoder (0.8.5):
    - libwebp (~> 1.0)
    - SDWebImage/Core (~> 5.10)
  - TOCropViewController (2.6.1)
  - Yoga (1.14.0)
  - ZXingObjC (3.6.5):
    - ZXingObjC/All (= 3.6.5)
  - ZXingObjC/All (3.6.5)

DEPENDENCIES:
  - DoubleConversion (from `../node_modules/react-native/third-party-podspecs/DoubleConversion.podspec`)
  - FBLazyVector (from `../node_modules/react-native/Libraries/FBLazyVector`)
  - FBReactNativeSpec (from `../node_modules/react-native/React/FBReactNativeSpec`)
  - glog (from `../node_modules/react-native/third-party-podspecs/glog.podspec`)
  - Permission-Camera (from `../node_modules/react-native-permissions/ios/Camera`)
  - RCT-Folly (from `../node_modules/react-native/third-party-podspecs/RCT-Folly.podspec`)
  - RCTRequired (from `../node_modules/react-native/Libraries/RCTRequired`)
  - RCTTypeSafety (from `../node_modules/react-native/Libraries/TypeSafety`)
  - React (from `../node_modules/react-native/`)
  - React-callinvoker (from `../node_modules/react-native/ReactCommon/callinvoker`)
  - React-Core (from `../node_modules/react-native/`)
  - React-Core/DevSupport (from `../node_modules/react-native/`)
  - React-Core/RCTWebSocket (from `../node_modules/react-native/`)
  - React-CoreModules (from `../node_modules/react-native/React/CoreModules`)
  - React-cxxreact (from `../node_modules/react-native/ReactCommon/cxxreact`)
  - React-jsi (from `../node_modules/react-native/ReactCommon/jsi`)
  - React-jsiexecutor (from `../node_modules/react-native/ReactCommon/jsiexecutor`)
  - React-jsinspector (from `../node_modules/react-native/ReactCommon/jsinspector`)
  - react-native-camera (from `../node_modules/react-native-camera`)
  - "react-native-cameraroll (from `../node_modules/@react-native-camera-roll/camera-roll`)"
  - react-native-safe-area-context (from `../node_modules/react-native-safe-area-context`)
  - react-native-splash-screen (from `../node_modules/react-native-splash-screen`)
  - React-perflogger (from `../node_modules/react-native/ReactCommon/reactperflogger`)
  - React-RCTActionSheet (from `../node_modules/react-native/Libraries/ActionSheetIOS`)
  - React-RCTAnimation (from `../node_modules/react-native/Libraries/NativeAnimation`)
  - React-RCTBlob (from `../node_modules/react-native/Libraries/Blob`)
  - React-RCTImage (from `../node_modules/react-native/Libraries/Image`)
  - React-RCTLinking (from `../node_modules/react-native/Libraries/LinkingIOS`)
  - React-RCTNetwork (from `../node_modules/react-native/Libraries/Network`)
  - React-RCTSettings (from `../node_modules/react-native/Libraries/Settings`)
  - React-RCTText (from `../node_modules/react-native/Libraries/Text`)
  - React-RCTVibration (from `../node_modules/react-native/Libraries/Vibration`)
  - React-runtimeexecutor (from `../node_modules/react-native/ReactCommon/runtimeexecutor`)
  - ReactCommon/turbomodule/core (from `../node_modules/react-native/ReactCommon`)
  - "RNCAsyncStorage (from `../node_modules/@react-native-async-storage/async-storage`)"
  - "RNCClipboard (from `../node_modules/@react-native-community/clipboard`)"
  - "RNCMaskedView (from `../node_modules/@react-native-community/masked-view`)"
  - RNFastImage (from `../node_modules/react-native-fast-image`)
  - RNFS (from `../node_modules/react-native-fs`)
  - RNGestureHandler (from `../node_modules/react-native-gesture-handler`)
  - RNImageCropPicker (from `../node_modules/react-native-image-crop-picker`)
  - RNPermissions (from `../node_modules/react-native-permissions`)
  - RNQrGenerator (from `../node_modules/rn-qr-generator`)
  - RNReanimated (from `../node_modules/react-native-reanimated`)
  - RNScreens (from `../node_modules/react-native-screens`)
  - RNShare (from `../node_modules/react-native-share`)
  - RNSVG (from `../node_modules/react-native-svg`)
  - RNVectorIcons (from `../node_modules/react-native-vector-icons`)
  - Yoga (from `../node_modules/react-native/ReactCommon/yoga`)

SPEC REPOS:
  trunk:
    - boost-for-react-native
    - libwebp
    - SDWebImage
    - SDWebImageWebPCoder
    - TOCropViewController
    - ZXingObjC

EXTERNAL SOURCES:
  DoubleConversion:
    :podspec: "../node_modules/react-native/third-party-podspecs/DoubleConversion.podspec"
  FBLazyVector:
    :path: "../node_modules/react-native/Libraries/FBLazyVector"
  FBReactNativeSpec:
    :path: "../node_modules/react-native/React/FBReactNativeSpec"
  glog:
    :podspec: "../node_modules/react-native/third-party-podspecs/glog.podspec"
  Permission-Camera:
    :path: "../node_modules/react-native-permissions/ios/Camera"
  RCT-Folly:
    :podspec: "../node_modules/react-native/third-party-podspecs/RCT-Folly.podspec"
  RCTRequired:
    :path: "../node_modules/react-native/Libraries/RCTRequired"
  RCTTypeSafety:
    :path: "../node_modules/react-native/Libraries/TypeSafety"
  React:
    :path: "../node_modules/react-native/"
  React-callinvoker:
    :path: "../node_modules/react-native/ReactCommon/callinvoker"
  React-Core:
    :path: "../node_modules/react-native/"
  React-CoreModules:
    :path: "../node_modules/react-native/React/CoreModules"
  React-cxxreact:
    :path: "../node_modules/react-native/ReactCommon/cxxreact"
  React-jsi:
    :path: "../node_modules/react-native/ReactCommon/jsi"
  React-jsiexecutor:
    :path: "../node_modules/react-native/ReactCommon/jsiexecutor"
  React-jsinspector:
    :path: "../node_modules/react-native/ReactCommon/jsinspector"
  react-native-camera:
    :path: "../node_modules/react-native-camera"
  react-native-cameraroll:
    :path: "../node_modules/@react-native-camera-roll/camera-roll"
  react-native-safe-area-context:
    :path: "../node_modules/react-native-safe-area-context"
  react-native-splash-screen:
    :path: "../node_modules/react-native-splash-screen"
  React-perflogger:
    :path: "../node_modules/react-native/ReactCommon/reactperflogger"
  React-RCTActionSheet:
    :path: "../node_modules/react-native/Libraries/ActionSheetIOS"
  React-RCTAnimation:
    :path: "../node_modules/react-native/Libraries/NativeAnimation"
  React-RCTBlob:
    :path: "../node_modules/react-native/Libraries/Blob"
  React-RCTImage:
    :path: "../node_modules/react-native/Libraries/Image"
  React-RCTLinking:
    :path: "../node_modules/react-native/Libraries/LinkingIOS"
  React-RCTNetwork:
    :path: "../node_modules/react-native/Libraries/Network"
  React-RCTSettings:
    :path: "../node_modules/react-native/Libraries/Settings"
  React-RCTText:
    :path: "../node_modules/react-native/Libraries/Text"
  React-RCTVibration:
    :path: "../node_modules/react-native/Libraries/Vibration"
  React-runtimeexecutor:
    :path: "../node_modules/react-native/ReactCommon/runtimeexecutor"
  ReactCommon:
    :path: "../node_modules/react-native/ReactCommon"
  RNCAsyncStorage:
    :path: "../node_modules/@react-native-async-storage/async-storage"
  RNCClipboard:
    :path: "../node_modules/@react-native-community/clipboard"
  RNCMaskedView:
    :path: "../node_modules/@react-native-community/masked-view"
  RNFastImage:
    :path: "../node_modules/react-native-fast-image"
  RNFS:
    :path: "../node_modules/react-native-fs"
  RNGestureHandler:
    :path: "../node_modules/react-native-gesture-handler"
  RNImageCropPicker:
    :path: "../node_modules/react-native-image-crop-picker"
  RNPermissions:
    :path: "../node_modules/react-native-permissions"
  RNQrGenerator:
    :path: "../node_modules/rn-qr-generator"
  RNReanimated:
    :path: "../node_modules/react-native-reanimated"
  RNScreens:
    :path: "../node_modules/react-native-screens"
  RNShare:
    :path: "../node_modules/react-native-share"
  RNSVG:
    :path: "../node_modules/react-native-svg"
  RNVectorIcons:
    :path: "../node_modules/react-native-vector-icons"
  Yoga:
    :path: "../node_modules/react-native/ReactCommon/yoga"

SPEC CHECKSUMS:
  boost-for-react-native: 39c7adb57c4e60d6c5479dd8623128eb5b3f0f2c
  DoubleConversion: cf9b38bf0b2d048436d9a82ad2abe1404f11e7de
  FBLazyVector: fa8275d5086566e22a26ddc385ab5772e7f9b1bd
  FBReactNativeSpec: 20a9457a95eae708eb909fd93ff0cfa053e606b5
  glog: 73c2498ac6884b13ede40eda8228cb1eee9d9d62
  libwebp: f62cb61d0a484ba548448a4bd52aabf150ff6eef
  Permission-Camera: bf6791b17c7f614b6826019fcfdcc286d3a107f6
  RCT-Folly: ec7a233ccc97cc556cf7237f0db1ff65b986f27c
  RCTRequired: f85fa00af016059cf88b90b8f8ff9a6af9e4b6c3
  RCTTypeSafety: 5279aaf0fb1ad715cbbbbee32d5c98c72598bc9c
  React: ff4e89fbcb05461c9533fd4da3c0f44cda6ab618
  React-callinvoker: 4670ac7842699e4a39b19a08b4ede02573c1e5dd
  React-Core: ee61e8a8aea912e1504ebec230b3e07d96cf82e1
  React-CoreModules: 8544ba0d319003b33707cdeed66e3122685d31a0
  React-cxxreact: 668500d4ce359515bbf8f907bca0e66fd357d36f
  React-jsi: 64f80675a66899bf0f4a58b8e3908966fa516234
  React-jsiexecutor: 8c077bef1c64430b6034f27df1000d194551e2eb
  React-jsinspector: d4f6973dd474357dbaaf6f52f31ffc713bf3e766
  react-native-camera: 3eae183c1d111103963f3dd913b65d01aef8110f
  react-native-cameraroll: f94bf9f46c998963ecd2bb6e9a3f9cca59b6d9f1
  react-native-safe-area-context: 9e40fb181dac02619414ba1294d6c2a807056ab9
  react-native-splash-screen: 4312f786b13a81b5169ef346d76d33bc0c6dc457
  React-perflogger: 5a890ca0911669421b7611661e9b58f91c805f5c
  React-RCTActionSheet: bd180e0879f8424a73650c5c28fbef4f3b5b27fb
  React-RCTAnimation: 1004d2b4be1f2cedfdc4cb2326adc95b989e6c6b
  React-RCTBlob: 55a984137d10e4c41071e8d39374336b48656e54
  React-RCTImage: fa346c899c2f7301eddc79860c37f836db185eb2
  React-RCTLinking: 7af1444a261610ff29a1afeab8c1cfcb5c3280a9
  React-RCTNetwork: fdaad596311091a2c48e0327b8431ba3e011a684
  React-RCTSettings: a7879d48e2951d107763f53e1db80be29f462ab7
  React-RCTText: d7e66b2600487f631531f77bb9d336e33c1187d9
  React-RCTVibration: 761849eea2a1abc99d5e4171bae17ab3da3143ac
  React-runtimeexecutor: 5b441857030bb6c3abaa7517f333cb01875ae499
  ReactCommon: b4a65d2d6e9eeffd4b32dde1245962b3f43907d0
  RNCAsyncStorage: 8616bd5a58af409453ea4e1b246521bb76578d60
  RNCClipboard: 41d8d918092ae8e676f18adada19104fa3e68495
  RNCMaskedView: 0e1bc4bfa8365eba5fbbb71e07fbdc0555249489
  RNFastImage: 5c9c9fed9c076e521b3f509fe79e790418a544e8
  RNFS: 4ac0f0ea233904cb798630b3c077808c06931688
  RNGestureHandler: 62232ba8f562f7dea5ba1b3383494eb5bf97a4d3
  RNImageCropPicker: ffbba608264885c241cbf3a8f78eb7aeeb978241
  RNPermissions: dcdb7b99796bbeda6975a6e79ad519c41b251b1c
  RNQrGenerator: 0aa6c40e3f2e15a9cbaec9480b7028c339f89b66
  RNReanimated: c1b56d030d1616239861534d9adb531f8cffab68
  RNScreens: f7ad633b2e0190b77b6a7aab7f914fad6f198d8d
  RNShare: 48b3113cd089a2be8ff0515c3ae7a46a4db8a76b
  RNSVG: 3a79c0c4992213e4f06c08e62730c5e7b9e4dc17
  RNVectorIcons: fcc2f6cb32f5735b586e66d14103a74ce6ad61f8
  SDWebImage: a7f831e1a65eb5e285e3fb046a23fcfbf08e696d
  SDWebImageWebPCoder: 908b83b6adda48effe7667cd2b7f78c897e5111d
  TOCropViewController: edfd4f25713d56905ad1e0b9f5be3fbe0f59c863
  Yoga: d1fc3575b8b68891ff5ef3c276daa855e841eb32
  ZXingObjC: fdbb269f25dd2032da343e06f10224d62f537bdb

PODFILE CHECKSUM: 042f5a9c76b26f3b1bfe5d7bf6a2b86855c677c8

COCOAPODS: 1.11.3
